
Microsoft Visual Studio Solution File, Format Version 12.00
# Visual Studio Version 16
VisualStudioVersion = 16.0.29709.97
MinimumVisualStudioVersion = 10.0.40219.1
Project("{9A19103F-16F7-4668-BE54-9A1E7A4F7556}") = "EVE.Windower.UI", "EVE.Windower.UI\EVE.Windower.UI.csproj", "{065B7390-F369-4721-947E-A3B3CE791821}"
EndProject
Project("{9A19103F-16F7-4668-BE54-9A1E7A4F7556}") = "EVE.Windower.Common", "EVE.Windower.Common\EVE.Windower.Common.csproj", "{52FE0404-A40B-4079-B990-B3D45933CC18}"
EndProject
Project("{9A19103F-16F7-4668-BE54-9A1E7A4F7556}") = "EVE.Windower.Common.Tests", "EVE.Windower.Common.Tests\EVE.Windower.Common.Tests.csproj", "{BA276220-0D65-4CE3-9C50-D6CE82E25CF3}"
EndProject
Project("{2150E333-8FDC-42A3-9474-1A3956D46DE8}") = "Solution Items", "Solution Items", "{E935A368-EDC9-4E59-8C00-940170E38799}"
	ProjectSection(SolutionItems) = preProject
		.editorconfig = .editorconfig
		.gitignore = .gitignore
	EndProjectSection
EndProject
Project("{2150E333-8FDC-42A3-9474-1A3956D46DE8}") = ".github", ".github", "{9983F818-5F8D-41DF-9FD2-72608037BFFB}"
EndProject
Project("{2150E333-8FDC-42A3-9474-1A3956D46DE8}") = "workflows", "workflows", "{FB88FE40-3AB8-4488-BCAC-CEA8D286C404}"
	ProjectSection(SolutionItems) = preProject
		.github\workflows\dotnetcore.yml = .github\workflows\dotnetcore.yml
	EndProjectSection
EndProject
Global
	GlobalSection(SolutionConfigurationPlatforms) = preSolution
		Debug|x64 = Debug|x64
		Release|x64 = Release|x64
	EndGlobalSection
	GlobalSection(ProjectConfigurationPlatforms) = postSolution
		{065B7390-F369-4721-947E-A3B3CE791821}.Debug|x64.ActiveCfg = Debug|x64
		{065B7390-F369-4721-947E-A3B3CE791821}.Debug|x64.Build.0 = Debug|x64
		{065B7390-F369-4721-947E-A3B3CE791821}.Release|x64.ActiveCfg = Release|x64
		{52FE0404-A40B-4079-B990-B3D45933CC18}.Debug|x64.ActiveCfg = Debug|x64
		{52FE0404-A40B-4079-B990-B3D45933CC18}.Debug|x64.Build.0 = Debug|x64
		{52FE0404-A40B-4079-B990-B3D45933CC18}.Release|x64.ActiveCfg = Release|x64
		{BA276220-0D65-4CE3-9C50-D6CE82E25CF3}.Debug|x64.ActiveCfg = Debug|x64
		{BA276220-0D65-4CE3-9C50-D6CE82E25CF3}.Debug|x64.Build.0 = Debug|x64
		{BA276220-0D65-4CE3-9C50-D6CE82E25CF3}.Release|x64.ActiveCfg = Release|x64
	EndGlobalSection
	GlobalSection(SolutionProperties) = preSolution
		HideSolutionNode = FALSE
	EndGlobalSection
	GlobalSection(NestedProjects) = preSolution
		{9983F818-5F8D-41DF-9FD2-72608037BFFB} = {E935A368-EDC9-4E59-8C00-940170E38799}
		{FB88FE40-3AB8-4488-BCAC-CEA8D286C404} = {9983F818-5F8D-41DF-9FD2-72608037BFFB}
	EndGlobalSection
	GlobalSection(ExtensibilityGlobals) = postSolution
		SolutionGuid = {9A420173-8197-4013-A52F-C0AA83344999}
	EndGlobalSection
EndGlobal
